// !$*UTF8*$!
{
	archiveVersion = 1;
	classes = {
	};
	objectVersion = 46;
	objects = {

/* Begin PBXBuildFile section */
		0BAC35F220C8DE2800E6CB24 /* 测试.mov in Resources */ = {isa = PBXBuildFile; fileRef = 0BAC35F120C8DE2700E6CB24 /* 测试.mov */; };
		0BAC35FA20C91BDA00E6CB24 /* resource.bundle in Resources */ = {isa = PBXBuildFile; fileRef = 0BAC35F920C91BDA00E6CB24 /* resource.bundle */; };
		0BAC35FD20C9253E00E6CB24 /* BrightnessView.m in Sources */ = {isa = PBXBuildFile; fileRef = 0BAC35FC20C9253E00E6CB24 /* BrightnessView.m */; };
		3E63751F1EC45AF60040CF09 /* main.m in Sources */ = {isa = PBXBuildFile; fileRef = 3E63751E1EC45AF60040CF09 /* main.m */; };
		3E6375221EC45AF60040CF09 /* AppDelegate.m in Sources */ = {isa = PBXBuildFile; fileRef = 3E6375211EC45AF60040CF09 /* AppDelegate.m */; };
		3E6375251EC45AF60040CF09 /* ViewController.m in Sources */ = {isa = PBXBuildFile; fileRef = 3E6375241EC45AF60040CF09 /* ViewController.m */; };
		3E6375281EC45AF60040CF09 /* Main.storyboard in Resources */ = {isa = PBXBuildFile; fileRef = 3E6375261EC45AF60040CF09 /* Main.storyboard */; };
		3E63752A1EC45AF60040CF09 /* Assets.xcassets in Resources */ = {isa = PBXBuildFile; fileRef = 3E6375291EC45AF60040CF09 /* Assets.xcassets */; };
		3E63752D1EC45AF60040CF09 /* LaunchScreen.storyboard in Resources */ = {isa = PBXBuildFile; fileRef = 3E63752B1EC45AF60040CF09 /* LaunchScreen.storyboard */; };
		3E6375381EC45AF70040CF09 /* cq_playerTests.m in Sources */ = {isa = PBXBuildFile; fileRef = 3E6375371EC45AF70040CF09 /* cq_playerTests.m */; };
		3E6375431EC45AF70040CF09 /* cq_playerUITests.m in Sources */ = {isa = PBXBuildFile; fileRef = 3E6375421EC45AF70040CF09 /* cq_playerUITests.m */; };
		3EA1433A1EF222AC00590499 /* BaseViewController.m in Sources */ = {isa = PBXBuildFile; fileRef = 3EA143391EF222AC00590499 /* BaseViewController.m */; };
		3EA143721EF280CB00590499 /* cq_VideoStatues.m in Sources */ = {isa = PBXBuildFile; fileRef = 3EA143491EF280CB00590499 /* cq_VideoStatues.m */; };
		3EA143731EF280CB00590499 /* CQ_VideoView.m in Sources */ = {isa = PBXBuildFile; fileRef = 3EA1434B1EF280CB00590499 /* CQ_VideoView.m */; };
		3EA143741EF280CB00590499 /* 返回.png in Resources */ = {isa = PBXBuildFile; fileRef = 3EA1434E1EF280CB00590499 /* 返回.png */; };
		3EA143751EF280CB00590499 /* Info.plist in Resources */ = {isa = PBXBuildFile; fileRef = 3EA143501EF280CB00590499 /* Info.plist */; };
		3EA143761EF280CB00590499 /* MASCompositeConstraint.m in Sources */ = {isa = PBXBuildFile; fileRef = 3EA143521EF280CB00590499 /* MASCompositeConstraint.m */; };
		3EA143771EF280CB00590499 /* MASConstraint.m in Sources */ = {isa = PBXBuildFile; fileRef = 3EA143551EF280CB00590499 /* MASConstraint.m */; };
		3EA143781EF280CB00590499 /* MASConstraintMaker.m in Sources */ = {isa = PBXBuildFile; fileRef = 3EA143571EF280CB00590499 /* MASConstraintMaker.m */; };
		3EA143791EF280CB00590499 /* MASLayoutConstraint.m in Sources */ = {isa = PBXBuildFile; fileRef = 3EA143591EF280CB00590499 /* MASLayoutConstraint.m */; };
		3EA1437A1EF280CB00590499 /* MASViewAttribute.m in Sources */ = {isa = PBXBuildFile; fileRef = 3EA1435D1EF280CB00590499 /* MASViewAttribute.m */; };
		3EA1437B1EF280CB00590499 /* MASViewConstraint.m in Sources */ = {isa = PBXBuildFile; fileRef = 3EA1435F1EF280CB00590499 /* MASViewConstraint.m */; };
		3EA1437C1EF280CB00590499 /* NSArray+MASAdditions.m in Sources */ = {isa = PBXBuildFile; fileRef = 3EA143611EF280CB00590499 /* NSArray+MASAdditions.m */; };
		3EA1437D1EF280CB00590499 /* NSLayoutConstraint+MASDebugAdditions.m in Sources */ = {isa = PBXBuildFile; fileRef = 3EA143641EF280CB00590499 /* NSLayoutConstraint+MASDebugAdditions.m */; };
		3EA1437E1EF280CB00590499 /* View+MASAdditions.m in Sources */ = {isa = PBXBuildFile; fileRef = 3EA143661EF280CB00590499 /* View+MASAdditions.m */; };
		3EA1437F1EF280CB00590499 /* ViewController+MASAdditions.m in Sources */ = {isa = PBXBuildFile; fileRef = 3EA143691EF280CB00590499 /* ViewController+MASAdditions.m */; };
		3EA143801EF280CB00590499 /* ZFPlayer.bundle in Resources */ = {isa = PBXBuildFile; fileRef = 3EA1436A1EF280CB00590499 /* ZFPlayer.bundle */; };
		3EA143811EF280CB00590499 /* ASValuePopUpView.m in Sources */ = {isa = PBXBuildFile; fileRef = 3EA1436D1EF280CB00590499 /* ASValuePopUpView.m */; };
		3EA143821EF280CB00590499 /* ASValueTrackingSlider.m in Sources */ = {isa = PBXBuildFile; fileRef = 3EA1436F1EF280CB00590499 /* ASValueTrackingSlider.m */; };
		3EA143831EF280CB00590499 /* UIColor+PYSearchExtension.m in Sources */ = {isa = PBXBuildFile; fileRef = 3EA143711EF280CB00590499 /* UIColor+PYSearchExtension.m */; };
		3EA143851EF292B300590499 /* 圆点.png in Resources */ = {isa = PBXBuildFile; fileRef = 3EA143841EF292B300590499 /* 圆点.png */; };
/* End PBXBuildFile section */

/* Begin PBXContainerItemProxy section */
		3E6375341EC45AF70040CF09 /* PBXContainerItemProxy */ = {
			isa = PBXContainerItemProxy;
			containerPortal = 3E6375121EC45AF60040CF09 /* Project object */;
			proxyType = 1;
			remoteGlobalIDString = 3E6375191EC45AF60040CF09;
			remoteInfo = cq_player;
		};
		3E63753F1EC45AF70040CF09 /* PBXContainerItemProxy */ = {
			isa = PBXContainerItemProxy;
			containerPortal = 3E6375121EC45AF60040CF09 /* Project object */;
			proxyType = 1;
			remoteGlobalIDString = 3E6375191EC45AF60040CF09;
			remoteInfo = cq_player;
		};
/* End PBXContainerItemProxy section */

/* Begin PBXFileReference section */
		0BAC35F120C8DE2700E6CB24 /* 测试.mov */ = {isa = PBXFileReference; lastKnownFileType = video.quicktime; path = "测试.mov"; sourceTree = "<group>"; };
		0BAC35F920C91BDA00E6CB24 /* resource.bundle */ = {isa = PBXFileReference; lastKnownFileType = "wrapper.plug-in"; path = resource.bundle; sourceTree = "<group>"; };
		0BAC35FB20C9253E00E6CB24 /* BrightnessView.h */ = {isa = PBXFileReference; lastKnownFileType = sourcecode.c.h; path = BrightnessView.h; sourceTree = "<group>"; };
		0BAC35FC20C9253E00E6CB24 /* BrightnessView.m */ = {isa = PBXFileReference; lastKnownFileType = sourcecode.c.objc; path = BrightnessView.m; sourceTree = "<group>"; };
		3E63751A1EC45AF60040CF09 /* cq_player.app */ = {isa = PBXFileReference; explicitFileType = wrapper.application; includeInIndex = 0; path = cq_player.app; sourceTree = BUILT_PRODUCTS_DIR; };
		3E63751E1EC45AF60040CF09 /* main.m */ = {isa = PBXFileReference; lastKnownFileType = sourcecode.c.objc; path = main.m; sourceTree = "<group>"; };
		3E6375201EC45AF60040CF09 /* AppDelegate.h */ = {isa = PBXFileReference; lastKnownFileType = sourcecode.c.h; path = AppDelegate.h; sourceTree = "<group>"; };
		3E6375211EC45AF60040CF09 /* AppDelegate.m */ = {isa = PBXFileReference; lastKnownFileType = sourcecode.c.objc; path = AppDelegate.m; sourceTree = "<group>"; };
		3E6375231EC45AF60040CF09 /* ViewController.h */ = {isa = PBXFileReference; lastKnownFileType = sourcecode.c.h; path = ViewController.h; sourceTree = "<group>"; };
		3E6375241EC45AF60040CF09 /* ViewController.m */ = {isa = PBXFileReference; lastKnownFileType = sourcecode.c.objc; path = ViewController.m; sourceTree = "<group>"; };
		3E6375271EC45AF60040CF09 /* Base */ = {isa = PBXFileReference; lastKnownFileType = file.storyboard; name = Base; path = Base.lproj/Main.storyboard; sourceTree = "<group>"; };
		3E6375291EC45AF60040CF09 /* Assets.xcassets */ = {isa = PBXFileReference; lastKnownFileType = folder.assetcatalog; path = Assets.xcassets; sourceTree = "<group>"; };
		3E63752C1EC45AF60040CF09 /* Base */ = {isa = PBXFileReference; lastKnownFileType = file.storyboard; name = Base; path = Base.lproj/LaunchScreen.storyboard; sourceTree = "<group>"; };
		3E63752E1EC45AF60040CF09 /* Info.plist */ = {isa = PBXFileReference; lastKnownFileType = text.plist.xml; path = Info.plist; sourceTree = "<group>"; };
		3E6375331EC45AF70040CF09 /* cq_playerTests.xctest */ = {isa = PBXFileReference; explicitFileType = wrapper.cfbundle; includeInIndex = 0; path = cq_playerTests.xctest; sourceTree = BUILT_PRODUCTS_DIR; };
		3E6375371EC45AF70040CF09 /* cq_playerTests.m */ = {isa = PBXFileReference; lastKnownFileType = sourcecode.c.objc; path = cq_playerTests.m; sourceTree = "<group>"; };
		3E6375391EC45AF70040CF09 /* Info.plist */ = {isa = PBXFileReference; lastKnownFileType = text.plist.xml; path = Info.plist; sourceTree = "<group>"; };
		3E63753E1EC45AF70040CF09 /* cq_playerUITests.xctest */ = {isa = PBXFileReference; explicitFileType = wrapper.cfbundle; includeInIndex = 0; path = cq_playerUITests.xctest; sourceTree = BUILT_PRODUCTS_DIR; };
		3E6375421EC45AF70040CF09 /* cq_playerUITests.m */ = {isa = PBXFileReference; lastKnownFileType = sourcecode.c.objc; path = cq_playerUITests.m; sourceTree = "<group>"; };
		3E6375441EC45AF70040CF09 /* Info.plist */ = {isa = PBXFileReference; lastKnownFileType = text.plist.xml; path = Info.plist; sourceTree = "<group>"; };
		3EA143371EF21D1A00590499 /* cq_Player.pch */ = {isa = PBXFileReference; lastKnownFileType = sourcecode.c.h; path = cq_Player.pch; sourceTree = "<group>"; };
		3EA143381EF222AC00590499 /* BaseViewController.h */ = {isa = PBXFileReference; fileEncoding = 4; lastKnownFileType = sourcecode.c.h; path = BaseViewController.h; sourceTree = "<group>"; };
		3EA143391EF222AC00590499 /* BaseViewController.m */ = {isa = PBXFileReference; fileEncoding = 4; lastKnownFileType = sourcecode.c.objc; path = BaseViewController.m; sourceTree = "<group>"; };
		3EA143481EF280CB00590499 /* cq_VideoStatues.h */ = {isa = PBXFileReference; fileEncoding = 4; lastKnownFileType = sourcecode.c.h; path = cq_VideoStatues.h; sourceTree = "<group>"; };
		3EA143491EF280CB00590499 /* cq_VideoStatues.m */ = {isa = PBXFileReference; fileEncoding = 4; lastKnownFileType = sourcecode.c.objc; path = cq_VideoStatues.m; sourceTree = "<group>"; };
		3EA1434A1EF280CB00590499 /* CQ_VideoView.h */ = {isa = PBXFileReference; fileEncoding = 4; lastKnownFileType = sourcecode.c.h; path = CQ_VideoView.h; sourceTree = "<group>"; };
		3EA1434B1EF280CB00590499 /* CQ_VideoView.m */ = {isa = PBXFileReference; fileEncoding = 4; lastKnownFileType = sourcecode.c.objc; path = CQ_VideoView.m; sourceTree = "<group>"; };
		3EA1434E1EF280CB00590499 /* 返回.png */ = {isa = PBXFileReference; lastKnownFileType = image.png; path = "返回.png"; sourceTree = "<group>"; };
		3EA143501EF280CB00590499 /* Info.plist */ = {isa = PBXFileReference; fileEncoding = 4; lastKnownFileType = text.plist.xml; path = Info.plist; sourceTree = "<group>"; };
		3EA143511EF280CB00590499 /* MASCompositeConstraint.h */ = {isa = PBXFileReference; fileEncoding = 4; lastKnownFileType = sourcecode.c.h; path = MASCompositeConstraint.h; sourceTree = "<group>"; };
		3EA143521EF280CB00590499 /* MASCompositeConstraint.m */ = {isa = PBXFileReference; fileEncoding = 4; lastKnownFileType = sourcecode.c.objc; path = MASCompositeConstraint.m; sourceTree = "<group>"; };
		3EA143531EF280CB00590499 /* MASConstraint+Private.h */ = {isa = PBXFileReference; fileEncoding = 4; lastKnownFileType = sourcecode.c.h; path = "MASConstraint+Private.h"; sourceTree = "<group>"; };
		3EA143541EF280CB00590499 /* MASConstraint.h */ = {isa = PBXFileReference; fileEncoding = 4; lastKnownFileType = sourcecode.c.h; path = MASConstraint.h; sourceTree = "<group>"; };
		3EA143551EF280CB00590499 /* MASConstraint.m */ = {isa = PBXFileReference; fileEncoding = 4; lastKnownFileType = sourcecode.c.objc; path = MASConstraint.m; sourceTree = "<group>"; };
		3EA143561EF280CB00590499 /* MASConstraintMaker.h */ = {isa = PBXFileReference; fileEncoding = 4; lastKnownFileType = sourcecode.c.h; path = MASConstraintMaker.h; sourceTree = "<group>"; };
		3EA143571EF280CB00590499 /* MASConstraintMaker.m */ = {isa = PBXFileReference; fileEncoding = 4; lastKnownFileType = sourcecode.c.objc; path = MASConstraintMaker.m; sourceTree = "<group>"; };
		3EA143581EF280CB00590499 /* MASLayoutConstraint.h */ = {isa = PBXFileReference; fileEncoding = 4; lastKnownFileType = sourcecode.c.h; path = MASLayoutConstraint.h; sourceTree = "<group>"; };
		3EA143591EF280CB00590499 /* MASLayoutConstraint.m */ = {isa = PBXFileReference; fileEncoding = 4; lastKnownFileType = sourcecode.c.objc; path = MASLayoutConstraint.m; sourceTree = "<group>"; };
		3EA1435A1EF280CB00590499 /* Masonry.h */ = {isa = PBXFileReference; fileEncoding = 4; lastKnownFileType = sourcecode.c.h; path = Masonry.h; sourceTree = "<group>"; };
		3EA1435B1EF280CB00590499 /* MASUtilities.h */ = {isa = PBXFileReference; fileEncoding = 4; lastKnownFileType = sourcecode.c.h; path = MASUtilities.h; sourceTree = "<group>"; };
		3EA1435C1EF280CB00590499 /* MASViewAttribute.h */ = {isa = PBXFileReference; fileEncoding = 4; lastKnownFileType = sourcecode.c.h; path = MASViewAttribute.h; sourceTree = "<group>"; };
		3EA1435D1EF280CB00590499 /* MASViewAttribute.m */ = {isa = PBXFileReference; fileEncoding = 4; lastKnownFileType = sourcecode.c.objc; path = MASViewAttribute.m; sourceTree = "<group>"; };
		3EA1435E1EF280CB00590499 /* MASViewConstraint.h */ = {isa = PBXFileReference; fileEncoding = 4; lastKnownFileType = sourcecode.c.h; path = MASViewConstraint.h; sourceTree = "<group>"; };
		3EA1435F1EF280CB00590499 /* MASViewConstraint.m */ = {isa = PBXFileReference; fileEncoding = 4; lastKnownFileType = sourcecode.c.objc; path = MASViewConstraint.m; sourceTree = "<group>"; };
		3EA143601EF280CB00590499 /* NSArray+MASAdditions.h */ = {isa = PBXFileReference; fileEncoding = 4; lastKnownFileType = sourcecode.c.h; path = "NSArray+MASAdditions.h"; sourceTree = "<group>"; };
		3EA143611EF280CB00590499 /* NSArray+MASAdditions.m */ = {isa = PBXFileReference; fileEncoding = 4; lastKnownFileType = sourcecode.c.objc; path = "NSArray+MASAdditions.m"; sourceTree = "<group>"; };
		3EA143621EF280CB00590499 /* NSArray+MASShorthandAdditions.h */ = {isa = PBXFileReference; fileEncoding = 4; lastKnownFileType = sourcecode.c.h; path = "NSArray+MASShorthandAdditions.h"; sourceTree = "<group>"; };
		3EA143631EF280CB00590499 /* NSLayoutConstraint+MASDebugAdditions.h */ = {isa = PBXFileReference; fileEncoding = 4; lastKnownFileType = sourcecode.c.h; path = "NSLayoutConstraint+MASDebugAdditions.h"; sourceTree = "<group>"; };
		3EA143641EF280CB00590499 /* NSLayoutConstraint+MASDebugAdditions.m */ = {isa = PBXFileReference; fileEncoding = 4; lastKnownFileType = sourcecode.c.objc; path = "NSLayoutConstraint+MASDebugAdditions.m"; sourceTree = "<group>"; };
		3EA143651EF280CB00590499 /* View+MASAdditions.h */ = {isa = PBXFileReference; fileEncoding = 4; lastKnownFileType = sourcecode.c.h; path = "View+MASAdditions.h"; sourceTree = "<group>"; };
		3EA143661EF280CB00590499 /* View+MASAdditions.m */ = {isa = PBXFileReference; fileEncoding = 4; lastKnownFileType = sourcecode.c.objc; path = "View+MASAdditions.m"; sourceTree = "<group>"; };
		3EA143671EF280CB00590499 /* View+MASShorthandAdditions.h */ = {isa = PBXFileReference; fileEncoding = 4; lastKnownFileType = sourcecode.c.h; path = "View+MASShorthandAdditions.h"; sourceTree = "<group>"; };
		3EA143681EF280CB00590499 /* ViewController+MASAdditions.h */ = {isa = PBXFileReference; fileEncoding = 4; lastKnownFileType = sourcecode.c.h; path = "ViewController+MASAdditions.h"; sourceTree = "<group>"; };
		3EA143691EF280CB00590499 /* ViewController+MASAdditions.m */ = {isa = PBXFileReference; fileEncoding = 4; lastKnownFileType = sourcecode.c.objc; path = "ViewController+MASAdditions.m"; sourceTree = "<group>"; };
		3EA1436A1EF280CB00590499 /* ZFPlayer.bundle */ = {isa = PBXFileReference; lastKnownFileType = "wrapper.plug-in"; path = ZFPlayer.bundle; sourceTree = "<group>"; };
		3EA1436C1EF280CB00590499 /* ASValuePopUpView.h */ = {isa = PBXFileReference; fileEncoding = 4; lastKnownFileType = sourcecode.c.h; path = ASValuePopUpView.h; sourceTree = "<group>"; };
		3EA1436D1EF280CB00590499 /* ASValuePopUpView.m */ = {isa = PBXFileReference; fileEncoding = 4; lastKnownFileType = sourcecode.c.objc; path = ASValuePopUpView.m; sourceTree = "<group>"; };
		3EA1436E1EF280CB00590499 /* ASValueTrackingSlider.h */ = {isa = PBXFileReference; fileEncoding = 4; lastKnownFileType = sourcecode.c.h; path = ASValueTrackingSlider.h; sourceTree = "<group>"; };
		3EA1436F1EF280CB00590499 /* ASValueTrackingSlider.m */ = {isa = PBXFileReference; fileEncoding = 4; lastKnownFileType = sourcecode.c.objc; path = ASValueTrackingSlider.m; sourceTree = "<group>"; };
		3EA143701EF280CB00590499 /* UIColor+PYSearchExtension.h */ = {isa = PBXFileReference; fileEncoding = 4; lastKnownFileType = sourcecode.c.h; path = "UIColor+PYSearchExtension.h"; sourceTree = "<group>"; };
		3EA143711EF280CB00590499 /* UIColor+PYSearchExtension.m */ = {isa = PBXFileReference; fileEncoding = 4; lastKnownFileType = sourcecode.c.objc; path = "UIColor+PYSearchExtension.m"; sourceTree = "<group>"; };
		3EA143841EF292B300590499 /* 圆点.png */ = {isa = PBXFileReference; lastKnownFileType = image.png; path = "圆点.png"; sourceTree = "<group>"; };
/* End PBXFileReference section */

/* Begin PBXFrameworksBuildPhase section */
		3E6375171EC45AF60040CF09 /* Frameworks */ = {
			isa = PBXFrameworksBuildPhase;
			buildActionMask = 2147483647;
			files = (
			);
			runOnlyForDeploymentPostprocessing = 0;
		};
		3E6375301EC45AF70040CF09 /* Frameworks */ = {
			isa = PBXFrameworksBuildPhase;
			buildActionMask = 2147483647;
			files = (
			);
			runOnlyForDeploymentPostprocessing = 0;
		};
		3E63753B1EC45AF70040CF09 /* Frameworks */ = {
			isa = PBXFrameworksBuildPhase;
			buildActionMask = 2147483647;
			files = (
			);
			runOnlyForDeploymentPostprocessing = 0;
		};
/* End PBXFrameworksBuildPhase section */

/* Begin PBXGroup section */
		3E6375111EC45AF60040CF09 = {
			isa = PBXGroup;
			children = (
				3E63751C1EC45AF60040CF09 /* cq_player */,
				3E6375361EC45AF70040CF09 /* cq_playerTests */,
				3E6375411EC45AF70040CF09 /* cq_playerUITests */,
				3E63751B1EC45AF60040CF09 /* Products */,
			);
			sourceTree = "<group>";
		};
		3E63751B1EC45AF60040CF09 /* Products */ = {
			isa = PBXGroup;
			children = (
				3E63751A1EC45AF60040CF09 /* cq_player.app */,
				3E6375331EC45AF70040CF09 /* cq_playerTests.xctest */,
				3E63753E1EC45AF70040CF09 /* cq_playerUITests.xctest */,
			);
			name = Products;
			sourceTree = "<group>";
		};
		3E63751C1EC45AF60040CF09 /* cq_player */ = {
			isa = PBXGroup;
			children = (
				0BAC35F120C8DE2700E6CB24 /* 测试.mov */,
				3E6375201EC45AF60040CF09 /* AppDelegate.h */,
				3E6375211EC45AF60040CF09 /* AppDelegate.m */,
				3EA143381EF222AC00590499 /* BaseViewController.h */,
				3EA143391EF222AC00590499 /* BaseViewController.m */,
				3E6375231EC45AF60040CF09 /* ViewController.h */,
				3E6375241EC45AF60040CF09 /* ViewController.m */,
				3EA143471EF280CB00590499 /* PlayerView */,
				3EA1434C1EF280CB00590499 /* Source */,
				3EA1436B1EF280CB00590499 /* ThirdSource */,
				3E6375261EC45AF60040CF09 /* Main.storyboard */,
				3E6375291EC45AF60040CF09 /* Assets.xcassets */,
				3E63752B1EC45AF60040CF09 /* LaunchScreen.storyboard */,
				3E63752E1EC45AF60040CF09 /* Info.plist */,
				3E63751D1EC45AF60040CF09 /* Supporting Files */,
			);
			path = cq_player;
			sourceTree = "<group>";
		};
		3E63751D1EC45AF60040CF09 /* Supporting Files */ = {
			isa = PBXGroup;
			children = (
				3E63751E1EC45AF60040CF09 /* main.m */,
				3EA143371EF21D1A00590499 /* cq_Player.pch */,
			);
			name = "Supporting Files";
			sourceTree = "<group>";
		};
		3E6375361EC45AF70040CF09 /* cq_playerTests */ = {
			isa = PBXGroup;
			children = (
				3E6375371EC45AF70040CF09 /* cq_playerTests.m */,
				3E6375391EC45AF70040CF09 /* Info.plist */,
			);
			path = cq_playerTests;
			sourceTree = "<group>";
		};
		3E6375411EC45AF70040CF09 /* cq_playerUITests */ = {
			isa = PBXGroup;
			children = (
				3E6375421EC45AF70040CF09 /* cq_playerUITests.m */,
				3E6375441EC45AF70040CF09 /* Info.plist */,
			);
			path = cq_playerUITests;
			sourceTree = "<group>";
		};
		3EA143471EF280CB00590499 /* PlayerView */ = {
			isa = PBXGroup;
			children = (
				0BAC35F920C91BDA00E6CB24 /* resource.bundle */,
				3EA143481EF280CB00590499 /* cq_VideoStatues.h */,
				3EA143491EF280CB00590499 /* cq_VideoStatues.m */,
				3EA1434A1EF280CB00590499 /* CQ_VideoView.h */,
				3EA1434B1EF280CB00590499 /* CQ_VideoView.m */,
				0BAC35FB20C9253E00E6CB24 /* BrightnessView.h */,
				0BAC35FC20C9253E00E6CB24 /* BrightnessView.m */,
			);
			path = PlayerView;
			sourceTree = "<group>";
		};
		3EA1434C1EF280CB00590499 /* Source */ = {
			isa = PBXGroup;
			children = (
				3EA1434D1EF280CB00590499 /* Image */,
				3EA1434F1EF280CB00590499 /* Masonry */,
				3EA1436A1EF280CB00590499 /* ZFPlayer.bundle */,
			);
			path = Source;
			sourceTree = "<group>";
		};
		3EA1434D1EF280CB00590499 /* Image */ = {
			isa = PBXGroup;
			children = (
				3EA1434E1EF280CB00590499 /* 返回.png */,
				3EA143841EF292B300590499 /* 圆点.png */,
			);
			path = Image;
			sourceTree = "<group>";
		};
		3EA1434F1EF280CB00590499 /* Masonry */ = {
			isa = PBXGroup;
			children = (
				3EA143501EF280CB00590499 /* Info.plist */,
				3EA143511EF280CB00590499 /* MASCompositeConstraint.h */,
				3EA143521EF280CB00590499 /* MASCompositeConstraint.m */,
				3EA143531EF280CB00590499 /* MASConstraint+Private.h */,
				3EA143541EF280CB00590499 /* MASConstraint.h */,
				3EA143551EF280CB00590499 /* MASConstraint.m */,
				3EA143561EF280CB00590499 /* MASConstraintMaker.h */,
				3EA143571EF280CB00590499 /* MASConstraintMaker.m */,
				3EA143581EF280CB00590499 /* MASLayoutConstraint.h */,
				3EA143591EF280CB00590499 /* MASLayoutConstraint.m */,
				3EA1435A1EF280CB00590499 /* Masonry.h */,
				3EA1435B1EF280CB00590499 /* MASUtilities.h */,
				3EA1435C1EF280CB00590499 /* MASViewAttribute.h */,
				3EA1435D1EF280CB00590499 /* MASViewAttribute.m */,
				3EA1435E1EF280CB00590499 /* MASViewConstraint.h */,
				3EA1435F1EF280CB00590499 /* MASViewConstraint.m */,
				3EA143601EF280CB00590499 /* NSArray+MASAdditions.h */,
				3EA143611EF280CB00590499 /* NSArray+MASAdditions.m */,
				3EA143621EF280CB00590499 /* NSArray+MASShorthandAdditions.h */,
				3EA143631EF280CB00590499 /* NSLayoutConstraint+MASDebugAdditions.h */,
				3EA143641EF280CB00590499 /* NSLayoutConstraint+MASDebugAdditions.m */,
				3EA143651EF280CB00590499 /* View+MASAdditions.h */,
				3EA143661EF280CB00590499 /* View+MASAdditions.m */,
				3EA143671EF280CB00590499 /* View+MASShorthandAdditions.h */,
				3EA143681EF280CB00590499 /* ViewController+MASAdditions.h */,
				3EA143691EF280CB00590499 /* ViewController+MASAdditions.m */,
			);
			path = Masonry;
			sourceTree = "<group>";
		};
		3EA1436B1EF280CB00590499 /* ThirdSource */ = {
			isa = PBXGroup;
			children = (
				3EA1436C1EF280CB00590499 /* ASValuePopUpView.h */,
				3EA1436D1EF280CB00590499 /* ASValuePopUpView.m */,
				3EA1436E1EF280CB00590499 /* ASValueTrackingSlider.h */,
				3EA1436F1EF280CB00590499 /* ASValueTrackingSlider.m */,
				3EA143701EF280CB00590499 /* UIColor+PYSearchExtension.h */,
				3EA143711EF280CB00590499 /* UIColor+PYSearchExtension.m */,
			);
			path = ThirdSource;
			sourceTree = "<group>";
		};
/* End PBXGroup section */

/* Begin PBXNativeTarget section */
		3E6375191EC45AF60040CF09 /* cq_player */ = {
			isa = PBXNativeTarget;
			buildConfigurationList = 3E6375471EC45AF70040CF09 /* Build configuration list for PBXNativeTarget "cq_player" */;
			buildPhases = (
				3E6375161EC45AF60040CF09 /* Sources */,
				3E6375171EC45AF60040CF09 /* Frameworks */,
				3E6375181EC45AF60040CF09 /* Resources */,
			);
			buildRules = (
			);
			dependencies = (
			);
			name = cq_player;
			productName = cq_player;
			productReference = 3E63751A1EC45AF60040CF09 /* cq_player.app */;
			productType = "com.apple.product-type.application";
		};
		3E6375321EC45AF70040CF09 /* cq_playerTests */ = {
			isa = PBXNativeTarget;
			buildConfigurationList = 3E63754A1EC45AF70040CF09 /* Build configuration list for PBXNativeTarget "cq_playerTests" */;
			buildPhases = (
				3E63752F1EC45AF70040CF09 /* Sources */,
				3E6375301EC45AF70040CF09 /* Frameworks */,
				3E6375311EC45AF70040CF09 /* Resources */,
			);
			buildRules = (
			);
			dependencies = (
				3E6375351EC45AF70040CF09 /* PBXTargetDependency */,
			);
			name = cq_playerTests;
			productName = cq_playerTests;
			productReference = 3E6375331EC45AF70040CF09 /* cq_playerTests.xctest */;
			productType = "com.apple.product-type.bundle.unit-test";
		};
		3E63753D1EC45AF70040CF09 /* cq_playerUITests */ = {
			isa = PBXNativeTarget;
			buildConfigurationList = 3E63754D1EC45AF70040CF09 /* Build configuration list for PBXNativeTarget "cq_playerUITests" */;
			buildPhases = (
				3E63753A1EC45AF70040CF09 /* Sources */,
				3E63753B1EC45AF70040CF09 /* Frameworks */,
				3E63753C1EC45AF70040CF09 /* Resources */,
			);
			buildRules = (
			);
			dependencies = (
				3E6375401EC45AF70040CF09 /* PBXTargetDependency */,
			);
			name = cq_playerUITests;
			productName = cq_playerUITests;
			productReference = 3E63753E1EC45AF70040CF09 /* cq_playerUITests.xctest */;
			productType = "com.apple.product-type.bundle.ui-testing";
		};
/* End PBXNativeTarget section */

/* Begin PBXProject section */
		3E6375121EC45AF60040CF09 /* Project object */ = {
			isa = PBXProject;
			attributes = {
				LastUpgradeCheck = 0820;
				ORGANIZATIONNAME = QiangChen;
				TargetAttributes = {
					3E6375191EC45AF60040CF09 = {
						CreatedOnToolsVersion = 8.2.1;
						DevelopmentTeam = 6KFS25Y962;
						ProvisioningStyle = Automatic;
					};
					3E6375321EC45AF70040CF09 = {
						CreatedOnToolsVersion = 8.2.1;
						DevelopmentTeam = 8EZCBM6CYX;
						ProvisioningStyle = Automatic;
						TestTargetID = 3E6375191EC45AF60040CF09;
					};
					3E63753D1EC45AF70040CF09 = {
						CreatedOnToolsVersion = 8.2.1;
						DevelopmentTeam = 8EZCBM6CYX;
						ProvisioningStyle = Automatic;
						TestTargetID = 3E6375191EC45AF60040CF09;
					};
				};
			};
			buildConfigurationList = 3E6375151EC45AF60040CF09 /* Build configuration list for PBXProject "cq_player" */;
			compatibilityVersion = "Xcode 3.2";
			developmentRegion = English;
			hasScannedForEncodings = 0;
			knownRegions = (
				en,
				Base,
			);
			mainGroup = 3E6375111EC45AF60040CF09;
			productRefGroup = 3E63751B1EC45AF60040CF09 /* Products */;
			projectDirPath = "";
			projectRoot = "";
			targets = (
				3E6375191EC45AF60040CF09 /* cq_player */,
				3E6375321EC45AF70040CF09 /* cq_playerTests */,
				3E63753D1EC45AF70040CF09 /* cq_playerUITests */,
			);
		};
/* End PBXProject section */

/* Begin PBXResourcesBuildPhase section */
		3E6375181EC45AF60040CF09 /* Resources */ = {
			isa = PBXResourcesBuildPhase;
			buildActionMask = 2147483647;
			files = (
				0BAC35FA20C91BDA00E6CB24 /* resource.bundle in Resources */,
				3EA143751EF280CB00590499 /* Info.plist in Resources */,
				3EA143741EF280CB00590499 /* 返回.png in Resources */,
				3EA143801EF280CB00590499 /* ZFPlayer.bundle in Resources */,
				3E63752D1EC45AF60040CF09 /* LaunchScreen.storyboard in Resources */,
				3EA143851EF292B300590499 /* 圆点.png in Resources */,
				3E63752A1EC45AF60040CF09 /* Assets.xcassets in Resources */,
				0BAC35F220C8DE2800E6CB24 /* 测试.mov in Resources */,
				3E6375281EC45AF60040CF09 /* Main.storyboard in Resources */,
			);
			runOnlyForDeploymentPostprocessing = 0;
		};
		3E6375311EC45AF70040CF09 /* Resources */ = {
			isa = PBXResourcesBuildPhase;
			buildActionMask = 2147483647;
			files = (
			);
			runOnlyForDeploymentPostprocessing = 0;
		};
		3E63753C1EC45AF70040CF09 /* Resources */ = {
			isa = PBXResourcesBuildPhase;
			buildActionMask = 2147483647;
			files = (
			);
			runOnlyForDeploymentPostprocessing = 0;
		};
/* End PBXResourcesBuildPhase section */

/* Begin PBXSourcesBuildPhase section */
		3E6375161EC45AF60040CF09 /* Sources */ = {
			isa = PBXSourcesBuildPhase;
			buildActionMask = 2147483647;
			files = (
				3EA1437C1EF280CB00590499 /* NSArray+MASAdditions.m in Sources */,
				3E6375251EC45AF60040CF09 /* ViewController.m in Sources */,
				3EA1437D1EF280CB00590499 /* NSLayoutConstraint+MASDebugAdditions.m in Sources */,
				3E6375221EC45AF60040CF09 /* AppDelegate.m in Sources */,
				3EA143781EF280CB00590499 /* MASConstraintMaker.m in Sources */,
				3EA1437E1EF280CB00590499 /* View+MASAdditions.m in Sources */,
				3EA143771EF280CB00590499 /* MASConstraint.m in Sources */,
				3EA1437B1EF280CB00590499 /* MASViewConstraint.m in Sources */,
				3EA143811EF280CB00590499 /* ASValuePopUpView.m in Sources */,
				3EA143721EF280CB00590499 /* cq_VideoStatues.m in Sources */,
				3EA143731EF280CB00590499 /* CQ_VideoView.m in Sources */,
				0BAC35FD20C9253E00E6CB24 /* BrightnessView.m in Sources */,
				3EA1433A1EF222AC00590499 /* BaseViewController.m in Sources */,
				3EA1437F1EF280CB00590499 /* ViewController+MASAdditions.m in Sources */,
				3EA143791EF280CB00590499 /* MASLayoutConstraint.m in Sources */,
				3EA143761EF280CB00590499 /* MASCompositeConstraint.m in Sources */,
				3E63751F1EC45AF60040CF09 /* main.m in Sources */,
				3EA143831EF280CB00590499 /* UIColor+PYSearchExtension.m in Sources */,
				3EA1437A1EF280CB00590499 /* MASViewAttribute.m in Sources */,
				3EA143821EF280CB00590499 /* ASValueTrackingSlider.m in Sources */,
			);
			runOnlyForDeploymentPostprocessing = 0;
		};
		3E63752F1EC45AF70040CF09 /* Sources */ = {
			isa = PBXSourcesBuildPhase;
			buildActionMask = 2147483647;
			files = (
				3E6375381EC45AF70040CF09 /* cq_playerTests.m in Sources */,
			);
			runOnlyForDeploymentPostprocessing = 0;
		};
		3E63753A1EC45AF70040CF09 /* Sources */ = {
			isa = PBXSourcesBuildPhase;
			buildActionMask = 2147483647;
			files = (
				3E6375431EC45AF70040CF09 /* cq_playerUITests.m in Sources */,
			);
			runOnlyForDeploymentPostprocessing = 0;
		};
/* End PBXSourcesBuildPhase section */

/* Begin PBXTargetDependency section */
		3E6375351EC45AF70040CF09 /* PBXTargetDependency */ = {
			isa = PBXTargetDependency;
			target = 3E6375191EC45AF60040CF09 /* cq_player */;
			targetProxy = 3E6375341EC45AF70040CF09 /* PBXContainerItemProxy */;
		};
		3E6375401EC45AF70040CF09 /* PBXTargetDependency */ = {
			isa = PBXTargetDependency;
			target = 3E6375191EC45AF60040CF09 /* cq_player */;
			targetProxy = 3E63753F1EC45AF70040CF09 /* PBXContainerItemProxy */;
		};
/* End PBXTargetDependency section */

/* Begin PBXVariantGroup section */
		3E6375261EC45AF60040CF09 /* Main.storyboard */ = {
			isa = PBXVariantGroup;
			children = (
				3E6375271EC45AF60040CF09 /* Base */,
			);
			name = Main.storyboard;
			sourceTree = "<group>";
		};
		3E63752B1EC45AF60040CF09 /* LaunchScreen.storyboard */ = {
			isa = PBXVariantGroup;
			children = (
				3E63752C1EC45AF60040CF09 /* Base */,
			);
			name = LaunchScreen.storyboard;
			sourceTree = "<group>";
		};
/* End PBXVariantGroup section */

/* Begin XCBuildConfiguration section */
		3E6375451EC45AF70040CF09 /* Debug */ = {
			isa = XCBuildConfiguration;
			buildSettings = {
				ALWAYS_SEARCH_USER_PATHS = NO;
				CLANG_ANALYZER_NONNULL = YES;
				CLANG_CXX_LANGUAGE_STANDARD = "gnu++0x";
				CLANG_CXX_LIBRARY = "libc++";
				CLANG_ENABLE_MODULES = YES;
				CLANG_ENABLE_OBJC_ARC = YES;
				CLANG_WARN_BOOL_CONVERSION = YES;
				CLANG_WARN_CONSTANT_CONVERSION = YES;
				CLANG_WARN_DIRECT_OBJC_ISA_USAGE = YES_ERROR;
				CLANG_WARN_DOCUMENTATION_COMMENTS = YES;
				CLANG_WARN_EMPTY_BODY = YES;
				CLANG_WARN_ENUM_CONVERSION = YES;
				CLANG_WARN_INFINITE_RECURSION = YES;
				CLANG_WARN_INT_CONVERSION = YES;
				CLANG_WARN_OBJC_ROOT_CLASS = YES_ERROR;
				CLANG_WARN_SUSPICIOUS_MOVE = YES;
				CLANG_WARN_UNREACHABLE_CODE = YES;
				CLANG_WARN__DUPLICATE_METHOD_MATCH = YES;
				"CODE_SIGN_IDENTITY[sdk=iphoneos*]" = "iPhone Developer";
				COPY_PHASE_STRIP = NO;
				DEBUG_INFORMATION_FORMAT = dwarf;
				ENABLE_STRICT_OBJC_MSGSEND = YES;
				ENABLE_TESTABILITY = YES;
				GCC_C_LANGUAGE_STANDARD = gnu99;
				GCC_DYNAMIC_NO_PIC = NO;
				GCC_NO_COMMON_BLOCKS = YES;
				GCC_OPTIMIZATION_LEVEL = 0;
				GCC_PREPROCESSOR_DEFINITIONS = (
					"DEBUG=1",
					"$(inherited)",
				);
				GCC_WARN_64_TO_32_BIT_CONVERSION = YES;
				GCC_WARN_ABOUT_RETURN_TYPE = YES_ERROR;
				GCC_WARN_UNDECLARED_SELECTOR = YES;
				GCC_WARN_UNINITIALIZED_AUTOS = YES_AGGRESSIVE;
				GCC_WARN_UNUSED_FUNCTION = YES;
				GCC_WARN_UNUSED_VARIABLE = YES;
				IPHONEOS_DEPLOYMENT_TARGET = 10.2;
				MTL_ENABLE_DEBUG_INFO = YES;
				ONLY_ACTIVE_ARCH = YES;
				SDKROOT = iphoneos;
				TARGETED_DEVICE_FAMILY = "1,2";
			};
			name = Debug;
		};
		3E6375461EC45AF70040CF09 /* Release */ = {
			isa = XCBuildConfiguration;
			buildSettings = {
				ALWAYS_SEARCH_USER_PATHS = NO;
				CLANG_ANALYZER_NONNULL = YES;
				CLANG_CXX_LANGUAGE_STANDARD = "gnu++0x";
				CLANG_CXX_LIBRARY = "libc++";
				CLANG_ENABLE_MODULES = YES;
				CLANG_ENABLE_OBJC_ARC = YES;
				CLANG_WARN_BOOL_CONVERSION = YES;
				CLANG_WARN_CONSTANT_CONVERSION = YES;
				CLANG_WARN_DIRECT_OBJC_ISA_USAGE = YES_ERROR;
				CLANG_WARN_DOCUMENTATION_COMMENTS = YES;
				CLANG_WARN_EMPTY_BODY = YES;
				CLANG_WARN_ENUM_CONVERSION = YES;
				CLANG_WARN_INFINITE_RECURSION = YES;
				CLANG_WARN_INT_CONVERSION = YES;
				CLANG_WARN_OBJC_ROOT_CLASS = YES_ERROR;
				CLANG_WARN_SUSPICIOUS_MOVE = YES;
				CLANG_WARN_UNREACHABLE_CODE = YES;
				CLANG_WARN__DUPLICATE_METHOD_MATCH = YES;
				"CODE_SIGN_IDENTITY[sdk=iphoneos*]" = "iPhone Developer";
				COPY_PHASE_STRIP = NO;
				DEBUG_INFORMATION_FORMAT = "dwarf-with-dsym";
				ENABLE_NS_ASSERTIONS = NO;
				ENABLE_STRICT_OBJC_MSGSEND = YES;
				GCC_C_LANGUAGE_STANDARD = gnu99;
				GCC_NO_COMMON_BLOCKS = YES;
				GCC_WARN_64_TO_32_BIT_CONVERSION = YES;
				GCC_WARN_ABOUT_RETURN_TYPE = YES_ERROR;
				GCC_WARN_UNDECLARED_SELECTOR = YES;
				GCC_WARN_UNINITIALIZED_AUTOS = YES_AGGRESSIVE;
				GCC_WARN_UNUSED_FUNCTION = YES;
				GCC_WARN_UNUSED_VARIABLE = YES;
				IPHONEOS_DEPLOYMENT_TARGET = 10.2;
				MTL_ENABLE_DEBUG_INFO = NO;
				SDKROOT = iphoneos;
				TARGETED_DEVICE_FAMILY = "1,2";
				VALIDATE_PRODUCT = YES;
			};
			name = Release;
		};
		3E6375481EC45AF70040CF09 /* Debug */ = {
			isa = XCBuildConfiguration;
			buildSettings = {
				ASSETCATALOG_COMPILER_APPICON_NAME = AppIcon;
				CODE_SIGN_IDENTITY = "iPhone Developer: develop02@kensence.com (BG7A3ADEL9)";
				"CODE_SIGN_IDENTITY[sdk=iphoneos*]" = "iPhone Developer";
				CODE_SIGN_STYLE = Automatic;
				DEVELOPMENT_TEAM = 6KFS25Y962;
				GCC_PREFIX_HEADER = "$(SRCROOT)/cq_player/cq_Player.pch";
				INFOPLIST_FILE = cq_player/Info.plist;
				IPHONEOS_DEPLOYMENT_TARGET = 8.0;
				LD_RUNPATH_SEARCH_PATHS = "$(inherited) @executable_path/Frameworks";
				PRODUCT_BUNDLE_IDENTIFIER = MKmdmooc.AVPlayer;
				PRODUCT_NAME = "$(TARGET_NAME)";
				PROVISIONING_PROFILE = "";
				PROVISIONING_PROFILE_SPECIFIER = "";
			};
			name = Debug;
		};
		3E6375491EC45AF70040CF09 /* Release */ = {
			isa = XCBuildConfiguration;
			buildSettings = {
				ASSETCATALOG_COMPILER_APPICON_NAME = AppIcon;
				CODE_SIGN_IDENTITY = "iPhone Developer: develop02@kensence.com (BG7A3ADEL9)";
				"CODE_SIGN_IDENTITY[sdk=iphoneos*]" = "iPhone Developer";
				CODE_SIGN_STYLE = Automatic;
				DEVELOPMENT_TEAM = 6KFS25Y962;
				GCC_PREFIX_HEADER = "$(SRCROOT)/cq_player/cq_Player.pch";
				INFOPLIST_FILE = cq_player/Info.plist;
				IPHONEOS_DEPLOYMENT_TARGET = 8.0;
				LD_RUNPATH_SEARCH_PATHS = "$(inherited) @executable_path/Frameworks";
				PRODUCT_BUNDLE_IDENTIFIER = MKmdmooc.AVPlayer;
				PRODUCT_NAME = "$(TARGET_NAME)";
				PROVISIONING_PROFILE = "";
				PROVISIONING_PROFILE_SPECIFIER = "";
			};
			name = Release;
		};
		3E63754B1EC45AF70040CF09 /* Debug */ = {
			isa = XCBuildConfiguration;
			buildSettings = {
				BUNDLE_LOADER = "$(TEST_HOST)";
				DEVELOPMENT_TEAM = 8EZCBM6CYX;
				INFOPLIST_FILE = cq_playerTests/Info.plist;
				LD_RUNPATH_SEARCH_PATHS = "$(inherited) @executable_path/Frameworks @loader_path/Frameworks";
				PRODUCT_BUNDLE_IDENTIFIER = "MKmdmooc.cq-playerTests";
				PRODUCT_NAME = "$(TARGET_NAME)";
				TEST_HOST = "$(BUILT_PRODUCTS_DIR)/cq_player.app/cq_player";
			};
			name = Debug;
		};
		3E63754C1EC45AF70040CF09 /* Release */ = {
			isa = XCBuildConfiguration;
			buildSettings = {
				BUNDLE_LOADER = "$(TEST_HOST)";
				DEVELOPMENT_TEAM = 8EZCBM6CYX;
				INFOPLIST_FILE = cq_playerTests/Info.plist;
				LD_RUNPATH_SEARCH_PATHS = "$(inherited) @executable_path/Frameworks @loader_path/Frameworks";
				PRODUCT_BUNDLE_IDENTIFIER = "MKmdmooc.cq-playerTests";
				PRODUCT_NAME = "$(TARGET_NAME)";
				TEST_HOST = "$(BUILT_PRODUCTS_DIR)/cq_player.app/cq_player";
			};
			name = Release;
		};
		3E63754E1EC45AF70040CF09 /* Debug */ = {
			isa = XCBuildConfiguration;
			buildSettings = {
				DEVELOPMENT_TEAM = 8EZCBM6CYX;
				INFOPLIST_FILE = cq_playerUITests/Info.plist;
				LD_RUNPATH_SEARCH_PATHS = "$(inherited) @executable_path/Frameworks @loader_path/Frameworks";
				PRODUCT_BUNDLE_IDENTIFIER = "MKmdmooc.cq-playerUITests";
				PRODUCT_NAME = "$(TARGET_NAME)";
				TEST_TARGET_NAME = cq_player;
			};
			name = Debug;
		};
		3E63754F1EC45AF70040CF09 /* Release */ = {
			isa = XCBuildConfiguration;
			buildSettings = {
				DEVELOPMENT_TEAM = 8EZCBM6CYX;
				INFOPLIST_FILE = cq_playerUITests/Info.plist;
				LD_RUNPATH_SEARCH_PATHS = "$(inherited) @executable_path/Frameworks @loader_path/Frameworks";
				PRODUCT_BUNDLE_IDENTIFIER = "MKmdmooc.cq-playerUITests";
				PRODUCT_NAME = "$(TARGET_NAME)";
				TEST_TARGET_NAME = cq_player;
			};
			name = Release;
		};
/* End XCBuildConfiguration section */

/* Begin XCConfigurationList section */
		3E6375151EC45AF60040CF09 /* Build configuration list for PBXProject "cq_player" */ = {
			isa = XCConfigurationList;
			buildConfigurations = (
				3E6375451EC45AF70040CF09 /* Debug */,
				3E6375461EC45AF70040CF09 /* Release */,
			);
			defaultConfigurationIsVisible = 0;
			defaultConfigurationName = Release;
		};
		3E6375471EC45AF70040CF09 /* Build configuration list for PBXNativeTarget "cq_player" */ = {
			isa = XCConfigurationList;
			buildConfigurations = (
				3E6375481EC45AF70040CF09 /* Debug */,
				3E6375491EC45AF70040CF09 /* Release */,
			);
			defaultConfigurationIsVisible = 0;
			defaultConfigurationName = Release;
		};
		3E63754A1EC45AF70040CF09 /* Build configuration list for PBXNativeTarget "cq_playerTests" */ = {
			isa = XCConfigurationList;
			buildConfigurations = (
				3E63754B1EC45AF70040CF09 /* Debug */,
				3E63754C1EC45AF70040CF09 /* Release */,
			);
			defaultConfigurationIsVisible = 0;
			defaultConfigurationName = Release;
		};
		3E63754D1EC45AF70040CF09 /* Build configuration list for PBXNativeTarget "cq_playerUITests" */ = {
			isa = XCConfigurationList;
			buildConfigurations = (
				3E63754E1EC45AF70040CF09 /* Debug */,
				3E63754F1EC45AF70040CF09 /* Release */,
			);
			defaultConfigurationIsVisible = 0;
			defaultConfigurationName = Release;
		};
/* End XCConfigurationList section */
	};
	rootObject = 3E6375121EC45AF60040CF09 /* Project object */;
}
